
Microsoft Visual Studio Solution File, Format Version 12.00
# Visual Studio 2012
Project("{FAE04EC0-301F-11D3-BF4B-00C04F79EFBC}") = "Maze", "Maze\Maze.csproj", "{FA3950E7-1E61-476C-B954-C8459F5FBEBC}"
EndProject
Project("{2150E333-8FDC-42A3-9474-1A3956D46DE8}") = "Solution Items", "Solution Items", "{788BEA80-8B0D-49A7-A483-096AAAD10D5F}"
EndProject
Project("{FAE04EC0-301F-11D3-BF4B-00C04F79EFBC}") = "Rogue", "Rogue\Rogue.csproj", "{40A55A31-4069-4ACF-85D5-AD929BB5C6D1}"
EndProject
Global
	GlobalSection(SolutionConfigurationPlatforms) = preSolution
		Debug|Any CPU = Debug|Any CPU
		Release|Any CPU = Release|Any CPU
	EndGlobalSection
	GlobalSection(ProjectConfigurationPlatforms) = postSolution
		{FA3950E7-1E61-476C-B954-C8459F5FBEBC}.Debug|Any CPU.ActiveCfg = Debug|Any CPU
		{FA3950E7-1E61-476C-B954-C8459F5FBEBC}.Debug|Any CPU.Build.0 = Debug|Any CPU
		{FA3950E7-1E61-476C-B954-C8459F5FBEBC}.Release|Any CPU.ActiveCfg = Release|Any CPU
		{FA3950E7-1E61-476C-B954-C8459F5FBEBC}.Release|Any CPU.Build.0 = Release|Any CPU
		{40A55A31-4069-4ACF-85D5-AD929BB5C6D1}.Debug|Any CPU.ActiveCfg = Debug|Any CPU
		{40A55A31-4069-4ACF-85D5-AD929BB5C6D1}.Debug|Any CPU.Build.0 = Debug|Any CPU
		{40A55A31-4069-4ACF-85D5-AD929BB5C6D1}.Release|Any CPU.ActiveCfg = Release|Any CPU
		{40A55A31-4069-4ACF-85D5-AD929BB5C6D1}.Release|Any CPU.Build.0 = Release|Any CPU
	EndGlobalSection
	GlobalSection(SolutionProperties) = preSolution
		HideSolutionNode = FALSE
	EndGlobalSection
EndGlobal
